
Microsoft Visual Studio Solution File, Format Version 12.00
# Visual Studio Version 16
VisualStudioVersion = 16.0.29102.190
MinimumVisualStudioVersion = 10.0.40219.1
Project("{9A19103F-16F7-4668-BE54-9A1E7A4F7556}") = "ConsoleOut.Example", "ConsoleOut.Example\ConsoleOut.Example.csproj", "{81FFF88A-075D-481E-BEEF-079F69074561}"
EndProject
Project("{9A19103F-16F7-4668-BE54-9A1E7A4F7556}") = "ConsoleOut.GrpcCallInterecpter", "ConsoleOut.GrpcCallInterecpter\ConsoleOut.GrpcCallInterecpter.csproj", "{46EE03B2-C2DA-46E3-AA13-A2BA0ECE0DA0}"
EndProject
Project("{9A19103F-16F7-4668-BE54-9A1E7A4F7556}") = "ConsoleOut.Example.App", "ConsoleOut.Example.App\ConsoleOut.Example.App.csproj", "{7E15ABDD-CF8E-46B6-B304-BD07EDF8D1D2}"
EndProject
Project("{FAE04EC0-301F-11D3-BF4B-00C04F79EFBC}") = "ConsoleOut.Test", "ConsoleOut.Test\ConsoleOut.Test.csproj", "{C479E0D7-8668-4C6C-9058-989249B4747E}"
EndProject
Global
	GlobalSection(SolutionConfigurationPlatforms) = preSolution
		Debug|Any CPU = Debug|Any CPU
		Release|Any CPU = Release|Any CPU
	EndGlobalSection
	GlobalSection(ProjectConfigurationPlatforms) = postSolution
		{81FFF88A-075D-481E-BEEF-079F69074561}.Debug|Any CPU.ActiveCfg = Debug|Any CPU
		{81FFF88A-075D-481E-BEEF-079F69074561}.Debug|Any CPU.Build.0 = Debug|Any CPU
		{81FFF88A-075D-481E-BEEF-079F69074561}.Release|Any CPU.ActiveCfg = Release|Any CPU
		{81FFF88A-075D-481E-BEEF-079F69074561}.Release|Any CPU.Build.0 = Release|Any CPU
		{46EE03B2-C2DA-46E3-AA13-A2BA0ECE0DA0}.Debug|Any CPU.ActiveCfg = Debug|Any CPU
		{46EE03B2-C2DA-46E3-AA13-A2BA0ECE0DA0}.Debug|Any CPU.Build.0 = Debug|Any CPU
		{46EE03B2-C2DA-46E3-AA13-A2BA0ECE0DA0}.Release|Any CPU.ActiveCfg = Release|Any CPU
		{46EE03B2-C2DA-46E3-AA13-A2BA0ECE0DA0}.Release|Any CPU.Build.0 = Release|Any CPU
		{7E15ABDD-CF8E-46B6-B304-BD07EDF8D1D2}.Debug|Any CPU.ActiveCfg = Debug|Any CPU
		{7E15ABDD-CF8E-46B6-B304-BD07EDF8D1D2}.Debug|Any CPU.Build.0 = Debug|Any CPU
		{7E15ABDD-CF8E-46B6-B304-BD07EDF8D1D2}.Release|Any CPU.ActiveCfg = Release|Any CPU
		{7E15ABDD-CF8E-46B6-B304-BD07EDF8D1D2}.Release|Any CPU.Build.0 = Release|Any CPU
		{C479E0D7-8668-4C6C-9058-989249B4747E}.Debug|Any CPU.ActiveCfg = Debug|Any CPU
		{C479E0D7-8668-4C6C-9058-989249B4747E}.Debug|Any CPU.Build.0 = Debug|Any CPU
		{C479E0D7-8668-4C6C-9058-989249B4747E}.Release|Any CPU.ActiveCfg = Release|Any CPU
		{C479E0D7-8668-4C6C-9058-989249B4747E}.Release|Any CPU.Build.0 = Release|Any CPU
	EndGlobalSection
	GlobalSection(SolutionProperties) = preSolution
		HideSolutionNode = FALSE
	EndGlobalSection
	GlobalSection(ExtensibilityGlobals) = postSolution
		SolutionGuid = {3C38E310-1949-4350-8657-C44E0D42A01A}
	EndGlobalSection
EndGlobal
